{
    "name": "gbscontrol-webui",
    "version": "1.3.0",
    "lockfileVersion": 3,
    "requires": true,
    "packages": {
        "": {
            "name": "gbscontrol-webui",
            "version": "1.3.0",
            "license": "GPL-3.0",
            "devDependencies": {
                "@node-minify/core": "^8.0.6",
                "@node-minify/html-minifier": "^8.0.6",
                "@node-minify/uglify-js": "^8.0.6",
                "@types/node": "^20.14.2",
                "prettier": "^3.2.5",
                "typescript": "^4.1.3"
            }
        },
        "node_modules/@node-minify/core": {
            "version": "8.0.6",
            "resolved": "https://registry.npmjs.org/@node-minify/core/-/core-8.0.6.tgz",
            "integrity": "sha512-/vxN46ieWDLU67CmgbArEvOb41zlYFOkOtr9QW9CnTrBLuTyGgkyNWC2y5+khvRw3Br58p2B5ZVSx/PxCTru6g==",
            "dev": true,
            "dependencies": {
                "@node-minify/utils": "8.0.6",
                "glob": "9.3.5",
                "mkdirp": "1.0.4"
            },
            "engines": {
                "node": ">=16.0.0"
            }
        },
        "node_modules/@node-minify/html-minifier": {
            "version": "8.0.6",
            "resolved": "https://registry.npmjs.org/@node-minify/html-minifier/-/html-minifier-8.0.6.tgz",
            "integrity": "sha512-EC2addokm54UbLJkACumSRh1pCmwUEVcT+57rRstC/fyQsX3S3fBBFTtUUG+LS4Re3AbmLfllMJyEQcP9G+j5A==",
            "dev": true,
            "dependencies": {
                "@node-minify/utils": "8.0.6",
                "html-minifier": "4.0.0"
            },
            "engines": {
                "node": ">=16.0.0"
            }
        },
        "node_modules/@node-minify/uglify-js": {
            "version": "8.0.6",
            "resolved": "https://registry.npmjs.org/@node-minify/uglify-js/-/uglify-js-8.0.6.tgz",
            "integrity": "sha512-t6NNJwqnCwfFbbYOKv9bY3v43DcEkIUq4aaj4gtElJnx9tQaELiI0vsX9WuvQFrJlRI1xAwiNzYc+U05PWpscw==",
            "dev": true,
            "dependencies": {
                "@node-minify/utils": "8.0.6",
                "uglify-js": "3.17.4"
            },
            "engines": {
                "node": ">=16.0.0"
            }
        },
        "node_modules/@node-minify/utils": {
            "version": "8.0.6",
            "resolved": "https://registry.npmjs.org/@node-minify/utils/-/utils-8.0.6.tgz",
            "integrity": "sha512-csY4qcR7jUwiZmkreNTJhcypQfts2aY2CK+a+rXgXUImZiZiySh0FvwHjRnlqWKvg+y6ae9lHFzDRjBTmqlTIQ==",
            "dev": true,
            "dependencies": {
                "gzip-size": "6.0.0"
            },
            "engines": {
                "node": ">=16.0.0"
            }
        },
        "node_modules/@types/node": {
            "version": "20.14.2",
            "resolved": "https://registry.npmjs.org/@types/node/-/node-20.14.2.tgz",
            "integrity": "sha512-xyu6WAMVwv6AKFLB+e/7ySZVr/0zLCzOa7rSpq6jNwpqOrUbcACDWC+53d4n2QHOnDou0fbIsg8wZu/sxrnI4Q==",
            "dev": true,
            "dependencies": {
                "undici-types": "~5.26.4"
            }
        },
        "node_modules/balanced-match": {
            "version": "1.0.2",
            "resolved": "https://registry.npmjs.org/balanced-match/-/balanced-match-1.0.2.tgz",
            "integrity": "sha512-3oSeUO0TMV67hN1AmbXsK4yaqU7tjiHlbxRDZOpH0KW9+CeX4bRAaX0Anxt0tx2MrpRpWwQaPwIlISEJhYU5Pw==",
            "dev": true
        },
        "node_modules/brace-expansion": {
            "version": "2.0.1",
            "resolved": "https://registry.npmjs.org/brace-expansion/-/brace-expansion-2.0.1.tgz",
            "integrity": "sha512-XnAIvQ8eM+kC6aULx6wuQiwVsnzsi9d3WxzV3FpWTGA19F621kwdbsAcFKXgKUHZWsy+mY6iL1sHTxWEFCytDA==",
            "dev": true,
            "dependencies": {
                "balanced-match": "^1.0.0"
            }
        },
        "node_modules/camel-case": {
            "version": "3.0.0",
            "resolved": "https://registry.npmjs.org/camel-case/-/camel-case-3.0.0.tgz",
            "integrity": "sha512-+MbKztAYHXPr1jNTSKQF52VpcFjwY5RkR7fxksV8Doo4KAYc5Fl4UJRgthBbTmEx8C54DqahhbLJkDwjI3PI/w==",
            "dev": true,
            "dependencies": {
                "no-case": "^2.2.0",
                "upper-case": "^1.1.1"
            }
        },
        "node_modules/clean-css": {
            "version": "4.2.4",
            "resolved": "https://registry.npmjs.org/clean-css/-/clean-css-4.2.4.tgz",
            "integrity": "sha512-EJUDT7nDVFDvaQgAo2G/PJvxmp1o/c6iXLbswsBbUFXi1Nr+AjA2cKmfbKDMjMvzEe75g3P6JkaDDAKk96A85A==",
            "dev": true,
            "dependencies": {
                "source-map": "~0.6.0"
            },
            "engines": {
                "node": ">= 4.0"
            }
        },
        "node_modules/commander": {
            "version": "2.20.3",
            "resolved": "https://registry.npmjs.org/commander/-/commander-2.20.3.tgz",
            "integrity": "sha512-GpVkmM8vF2vQUkj2LvZmD35JxeJOLCwJ9cUkugyk2nuhbv3+mJvpLYYt+0+USMxE+oj+ey/lJEnhZw75x/OMcQ==",
            "dev": true
        },
        "node_modules/duplexer": {
            "version": "0.1.2",
            "resolved": "https://registry.npmjs.org/duplexer/-/duplexer-0.1.2.tgz",
            "integrity": "sha512-jtD6YG370ZCIi/9GTaJKQxWTZD045+4R4hTk/x1UyoqadyJ9x9CgSi1RlVDQF8U2sxLLSnFkCaMihqljHIWgMg==",
            "dev": true
        },
        "node_modules/fs.realpath": {
            "version": "1.0.0",
            "resolved": "https://registry.npmjs.org/fs.realpath/-/fs.realpath-1.0.0.tgz",
            "integrity": "sha512-OO0pH2lK6a0hZnAdau5ItzHPI6pUlvI7jMVnxUQRtw4owF2wk8lOSabtGDCTP4Ggrg2MbGnWO9X8K1t4+fGMDw==",
            "dev": true
        },
        "node_modules/glob": {
            "version": "9.3.5",
            "resolved": "https://registry.npmjs.org/glob/-/glob-9.3.5.tgz",
            "integrity": "sha512-e1LleDykUz2Iu+MTYdkSsuWX8lvAjAcs0Xef0lNIu0S2wOAzuTxCJtcd9S3cijlwYF18EsU3rzb8jPVobxDh9Q==",
            "dev": true,
            "dependencies": {
                "fs.realpath": "^1.0.0",
                "minimatch": "^8.0.2",
                "minipass": "^4.2.4",
                "path-scurry": "^1.6.1"
            },
            "engines": {
                "node": ">=16 || 14 >=14.17"
            },
            "funding": {
                "url": "https://github.com/sponsors/isaacs"
            }
        },
        "node_modules/gzip-size": {
            "version": "6.0.0",
            "resolved": "https://registry.npmjs.org/gzip-size/-/gzip-size-6.0.0.tgz",
            "integrity": "sha512-ax7ZYomf6jqPTQ4+XCpUGyXKHk5WweS+e05MBO4/y3WJ5RkmPXNKvX+bx1behVILVwr6JSQvZAku021CHPXG3Q==",
            "dev": true,
            "dependencies": {
                "duplexer": "^0.1.2"
            },
            "engines": {
                "node": ">=10"
            },
            "funding": {
                "url": "https://github.com/sponsors/sindresorhus"
            }
        },
        "node_modules/he": {
            "version": "1.2.0",
            "resolved": "https://registry.npmjs.org/he/-/he-1.2.0.tgz",
            "integrity": "sha512-F/1DnUGPopORZi0ni+CvrCgHQ5FyEAHRLSApuYWMmrbSwoN2Mn/7k+Gl38gJnR7yyDZk6WLXwiGod1JOWNDKGw==",
            "dev": true,
            "bin": {
                "he": "bin/he"
            }
        },
        "node_modules/html-minifier": {
            "version": "4.0.0",
            "resolved": "https://registry.npmjs.org/html-minifier/-/html-minifier-4.0.0.tgz",
            "integrity": "sha512-aoGxanpFPLg7MkIl/DDFYtb0iWz7jMFGqFhvEDZga6/4QTjneiD8I/NXL1x5aaoCp7FSIT6h/OhykDdPsbtMig==",
            "dev": true,
            "dependencies": {
                "camel-case": "^3.0.0",
                "clean-css": "^4.2.1",
                "commander": "^2.19.0",
                "he": "^1.2.0",
                "param-case": "^2.1.1",
                "relateurl": "^0.2.7",
                "uglify-js": "^3.5.1"
            },
            "bin": {
                "html-minifier": "cli.js"
            },
            "engines": {
                "node": ">=6"
            }
        },
        "node_modules/lower-case": {
            "version": "1.1.4",
            "resolved": "https://registry.npmjs.org/lower-case/-/lower-case-1.1.4.tgz",
            "integrity": "sha512-2Fgx1Ycm599x+WGpIYwJOvsjmXFzTSc34IwDWALRA/8AopUKAVPwfJ+h5+f85BCp0PWmmJcWzEpxOpoXycMpdA==",
            "dev": true
        },
        "node_modules/lru-cache": {
            "version": "10.2.2",
            "resolved": "https://registry.npmjs.org/lru-cache/-/lru-cache-10.2.2.tgz",
            "integrity": "sha512-9hp3Vp2/hFQUiIwKo8XCeFVnrg8Pk3TYNPIR7tJADKi5YfcF7vEaK7avFHTlSy3kOKYaJQaalfEo6YuXdceBOQ==",
            "dev": true,
            "engines": {
                "node": "14 || >=16.14"
            }
        },
        "node_modules/minimatch": {
            "version": "8.0.4",
            "resolved": "https://registry.npmjs.org/minimatch/-/minimatch-8.0.4.tgz",
            "integrity": "sha512-W0Wvr9HyFXZRGIDgCicunpQ299OKXs9RgZfaukz4qAW/pJhcpUfupc9c+OObPOFueNy8VSrZgEmDtk6Kh4WzDA==",
            "dev": true,
            "dependencies": {
                "brace-expansion": "^2.0.1"
            },
            "engines": {
                "node": ">=16 || 14 >=14.17"
            },
            "funding": {
                "url": "https://github.com/sponsors/isaacs"
            }
        },
        "node_modules/minipass": {
            "version": "4.2.8",
            "resolved": "https://registry.npmjs.org/minipass/-/minipass-4.2.8.tgz",
            "integrity": "sha512-fNzuVyifolSLFL4NzpF+wEF4qrgqaaKX0haXPQEdQ7NKAN+WecoKMHV09YcuL/DHxrUsYQOK3MiuDf7Ip2OXfQ==",
            "dev": true,
            "engines": {
                "node": ">=8"
            }
        },
        "node_modules/mkdirp": {
            "version": "1.0.4",
            "resolved": "https://registry.npmjs.org/mkdirp/-/mkdirp-1.0.4.tgz",
            "integrity": "sha512-vVqVZQyf3WLx2Shd0qJ9xuvqgAyKPLAiqITEtqW0oIUjzo3PePDd6fW9iFz30ef7Ysp/oiWqbhszeGWW2T6Gzw==",
            "dev": true,
            "bin": {
                "mkdirp": "bin/cmd.js"
            },
            "engines": {
                "node": ">=10"
            }
        },
        "node_modules/no-case": {
            "version": "2.3.2",
            "resolved": "https://registry.npmjs.org/no-case/-/no-case-2.3.2.tgz",
            "integrity": "sha512-rmTZ9kz+f3rCvK2TD1Ue/oZlns7OGoIWP4fc3llxxRXlOkHKoWPPWJOfFYpITabSow43QJbRIoHQXtt10VldyQ==",
            "dev": true,
            "dependencies": {
                "lower-case": "^1.1.1"
            }
        },
        "node_modules/param-case": {
            "version": "2.1.1",
            "resolved": "https://registry.npmjs.org/param-case/-/param-case-2.1.1.tgz",
            "integrity": "sha512-eQE845L6ot89sk2N8liD8HAuH4ca6Vvr7VWAWwt7+kvvG5aBcPmmphQ68JsEG2qa9n1TykS2DLeMt363AAH8/w==",
            "dev": true,
            "dependencies": {
                "no-case": "^2.2.0"
            }
        },
        "node_modules/path-scurry": {
            "version": "1.11.1",
            "resolved": "https://registry.npmjs.org/path-scurry/-/path-scurry-1.11.1.tgz",
            "integrity": "sha512-Xa4Nw17FS9ApQFJ9umLiJS4orGjm7ZzwUrwamcGQuHSzDyth9boKDaycYdDcZDuqYATXw4HFXgaqWTctW/v1HA==",
            "dev": true,
            "dependencies": {
                "lru-cache": "^10.2.0",
                "minipass": "^5.0.0 || ^6.0.2 || ^7.0.0"
            },
            "engines": {
                "node": ">=16 || 14 >=14.18"
            },
            "funding": {
                "url": "https://github.com/sponsors/isaacs"
            }
        },
        "node_modules/path-scurry/node_modules/minipass": {
            "version": "7.1.2",
            "resolved": "https://registry.npmjs.org/minipass/-/minipass-7.1.2.tgz",
            "integrity": "sha512-qOOzS1cBTWYF4BH8fVePDBOO9iptMnGUEZwNc/cMWnTV2nVLZ7VoNWEPHkYczZA0pdoA7dl6e7FL659nX9S2aw==",
            "dev": true,
            "engines": {
                "node": ">=16 || 14 >=14.17"
            }
        },
        "node_modules/prettier": {
            "version": "3.2.5",
            "resolved": "https://registry.npmjs.org/prettier/-/prettier-3.2.5.tgz",
            "integrity": "sha512-3/GWa9aOC0YeD7LUfvOG2NiDyhOWRvt1k+rcKhOuYnMY24iiCphgneUfJDyFXd6rZCAnuLBv6UeAULtrhT/F4A==",
            "dev": true,
            "bin": {
                "prettier": "bin/prettier.cjs"
            },
            "engines": {
                "node": ">=14"
            },
            "funding": {
                "url": "https://github.com/prettier/prettier?sponsor=1"
            }
        },
        "node_modules/relateurl": {
            "version": "0.2.7",
            "resolved": "https://registry.npmjs.org/relateurl/-/relateurl-0.2.7.tgz",
            "integrity": "sha512-G08Dxvm4iDN3MLM0EsP62EDV9IuhXPR6blNz6Utcp7zyV3tr4HVNINt6MpaRWbxoOHT3Q7YN2P+jaHX8vUbgog==",
            "dev": true,
            "engines": {
                "node": ">= 0.10"
            }
        },
        "node_modules/source-map": {
            "version": "0.6.1",
            "resolved": "https://registry.npmjs.org/source-map/-/source-map-0.6.1.tgz",
            "integrity": "sha512-UjgapumWlbMhkBgzT7Ykc5YXUT46F0iKu8SGXq0bcwP5dz/h0Plj6enJqjz1Zbq2l5WaqYnrVbwWOWMyF3F47g==",
            "dev": true,
            "engines": {
                "node": ">=0.10.0"
            }
        },
        "node_modules/typescript": {
            "version": "4.9.5",
            "resolved": "https://registry.npmjs.org/typescript/-/typescript-4.9.5.tgz",
            "integrity": "sha512-1FXk9E2Hm+QzZQ7z+McJiHL4NW1F2EzMu9Nq9i3zAaGqibafqYwCVU6WyWAuyQRRzOlxou8xZSyXLEN8oKj24g==",
            "dev": true,
            "bin": {
                "tsc": "bin/tsc",
                "tsserver": "bin/tsserver"
            },
            "engines": {
                "node": ">=4.2.0"
            }
        },
        "node_modules/uglify-js": {
            "version": "3.17.4",
            "resolved": "https://registry.npmjs.org/uglify-js/-/uglify-js-3.17.4.tgz",
            "integrity": "sha512-T9q82TJI9e/C1TAxYvfb16xO120tMVFZrGA3f9/P4424DNu6ypK103y0GPFVa17yotwSyZW5iYXgjYHkGrJW/g==",
            "dev": true,
            "bin": {
                "uglifyjs": "bin/uglifyjs"
            },
            "engines": {
                "node": ">=0.8.0"
            }
        },
        "node_modules/undici-types": {
            "version": "5.26.5",
            "resolved": "https://registry.npmjs.org/undici-types/-/undici-types-5.26.5.tgz",
            "integrity": "sha512-JlCMO+ehdEIKqlFxk6IfVoAUVmgz7cU7zD/h9XZ0qzeosSHmUJVOzSQvvYSYWXkFXC+IfLKSIffhv0sVZup6pA==",
            "dev": true
        },
        "node_modules/upper-case": {
            "version": "1.1.3",
            "resolved": "https://registry.npmjs.org/upper-case/-/upper-case-1.1.3.tgz",
            "integrity": "sha512-WRbjgmYzgXkCV7zNVpy5YgrHgbBv126rMALQQMrmzOVC4GM2waQ9x7xtm8VU+1yF2kWyPzI9zbZ48n4vSxwfSA==",
            "dev": true
        }
    }
}
